
Microsoft Visual Studio Solution File, Format Version 12.00
# Visual Studio 15
VisualStudioVersion = 15.0.26730.16
MinimumVisualStudioVersion = 10.0.40219.1
Project("{9A19103F-16F7-4668-BE54-9A1E7A4F7556}") = "FreeParkingSystem.API", "FreeParkingSystem.API\FreeParkingSystem.API.csproj", "{7368E1E4-C552-444C-BCC6-5490474FCA57}"
	ProjectSection(ProjectDependencies) = postProject
		{92F0F56B-9E59-407F-AC01-2DA7DD65D52E} = {92F0F56B-9E59-407F-AC01-2DA7DD65D52E}
	EndProjectSection
EndProject
Project("{2150E333-8FDC-42A3-9474-1A3956D46DE8}") = "Tests", "Tests", "{0EBC1148-1600-48AD-BD14-B5AA96ED2143}"
EndProject
Project("{9A19103F-16F7-4668-BE54-9A1E7A4F7556}") = "FreeParkingSystem.Common", "Common\FreeParkingSystem.Common.csproj", "{92F0F56B-9E59-407F-AC01-2DA7DD65D52E}"
EndProject
Project("{9A19103F-16F7-4668-BE54-9A1E7A4F7556}") = "FreeParkingSystem.API.Tests", "FreeParkingSystem.API.Tests\FreeParkingSystem.API.Tests.csproj", "{064E7C95-C993-4ADD-8637-53731E7A62B7}"
EndProject
Project("{9A19103F-16F7-4668-BE54-9A1E7A4F7556}") = "FreeParkingSystem.Common.Tests", "FreeParkingSystem.Common.Tests\FreeParkingSystem.Common.Tests.csproj", "{9521A0A7-B653-4F64-9874-95BA20671BEF}"
EndProject
Project("{2150E333-8FDC-42A3-9474-1A3956D46DE8}") = "Solution Items", "Solution Items", "{D5032FD9-A969-4CAF-8EB0-B8CCE1CA2EB5}"
	ProjectSection(SolutionItems) = preProject
		LICENSE = LICENSE
		README.md = README.md
	EndProjectSection
EndProject
Project("{E53339B2-1760-4266-BCC7-CA923CBCF16C}") = "docker-compose", "docker-compose.dcproj", "{867C4A80-A9A2-4F43-8D5E-EBE9D32B94CF}"
EndProject
Global
	GlobalSection(SolutionConfigurationPlatforms) = preSolution
		Debug|Any CPU = Debug|Any CPU
		Release|Any CPU = Release|Any CPU
	EndGlobalSection
	GlobalSection(ProjectConfigurationPlatforms) = postSolution
		{7368E1E4-C552-444C-BCC6-5490474FCA57}.Debug|Any CPU.ActiveCfg = Debug|Any CPU
		{7368E1E4-C552-444C-BCC6-5490474FCA57}.Debug|Any CPU.Build.0 = Debug|Any CPU
		{7368E1E4-C552-444C-BCC6-5490474FCA57}.Release|Any CPU.ActiveCfg = Release|Any CPU
		{7368E1E4-C552-444C-BCC6-5490474FCA57}.Release|Any CPU.Build.0 = Release|Any CPU
		{92F0F56B-9E59-407F-AC01-2DA7DD65D52E}.Debug|Any CPU.ActiveCfg = Debug|Any CPU
		{92F0F56B-9E59-407F-AC01-2DA7DD65D52E}.Debug|Any CPU.Build.0 = Debug|Any CPU
		{92F0F56B-9E59-407F-AC01-2DA7DD65D52E}.Release|Any CPU.ActiveCfg = Release|Any CPU
		{92F0F56B-9E59-407F-AC01-2DA7DD65D52E}.Release|Any CPU.Build.0 = Release|Any CPU
		{064E7C95-C993-4ADD-8637-53731E7A62B7}.Debug|Any CPU.ActiveCfg = Debug|Any CPU
		{064E7C95-C993-4ADD-8637-53731E7A62B7}.Debug|Any CPU.Build.0 = Debug|Any CPU
		{064E7C95-C993-4ADD-8637-53731E7A62B7}.Release|Any CPU.ActiveCfg = Release|Any CPU
		{064E7C95-C993-4ADD-8637-53731E7A62B7}.Release|Any CPU.Build.0 = Release|Any CPU
		{9521A0A7-B653-4F64-9874-95BA20671BEF}.Debug|Any CPU.ActiveCfg = Debug|Any CPU
		{9521A0A7-B653-4F64-9874-95BA20671BEF}.Debug|Any CPU.Build.0 = Debug|Any CPU
		{9521A0A7-B653-4F64-9874-95BA20671BEF}.Release|Any CPU.ActiveCfg = Release|Any CPU
		{9521A0A7-B653-4F64-9874-95BA20671BEF}.Release|Any CPU.Build.0 = Release|Any CPU
		{867C4A80-A9A2-4F43-8D5E-EBE9D32B94CF}.Debug|Any CPU.ActiveCfg = Debug|Any CPU
		{867C4A80-A9A2-4F43-8D5E-EBE9D32B94CF}.Release|Any CPU.ActiveCfg = Release|Any CPU
		{867C4A80-A9A2-4F43-8D5E-EBE9D32B94CF}.Release|Any CPU.Build.0 = Release|Any CPU
	EndGlobalSection
	GlobalSection(SolutionProperties) = preSolution
		HideSolutionNode = FALSE
	EndGlobalSection
	GlobalSection(NestedProjects) = preSolution
		{064E7C95-C993-4ADD-8637-53731E7A62B7} = {0EBC1148-1600-48AD-BD14-B5AA96ED2143}
		{9521A0A7-B653-4F64-9874-95BA20671BEF} = {0EBC1148-1600-48AD-BD14-B5AA96ED2143}
	EndGlobalSection
	GlobalSection(ExtensibilityGlobals) = postSolution
		SolutionGuid = {C6FD12F1-8939-4CA0-B461-3F16F3A7B5A7}
	EndGlobalSection
EndGlobal
