
Microsoft Visual Studio Solution File, Format Version 12.00
# Visual Studio Version 16
VisualStudioVersion = 16.0.29009.5
MinimumVisualStudioVersion = 10.0.40219.1
Project("{2150E333-8FDC-42A3-9474-1A3956D46DE8}") = "Solution Items", "Solution Items", "{9A81C5D6-0A65-44C3-9A96-7273617647B5}"
	ProjectSection(SolutionItems) = preProject
		docker-compose.yml = docker-compose.yml
		LICENSE = LICENSE
		README.md = README.md
	EndProjectSection
EndProject
Project("{2150E333-8FDC-42A3-9474-1A3956D46DE8}") = "Docs", "Docs", "{B2C59AE7-4A92-4606-8EB5-8B51368B6184}"
	ProjectSection(SolutionItems) = preProject
		docs\Solution-Architecture.md = docs\Solution-Architecture.md
	EndProjectSection
EndProject
Project("{9A19103F-16F7-4668-BE54-9A1E7A4F7556}") = "FreeParkingSystem.Accounts.API", "src\Account\FreeParkingSystem.Accounts.API\FreeParkingSystem.Accounts.API.csproj", "{D4400DCC-F17E-4163-8B79-6F420D9CE6C2}"
EndProject
Project("{2150E333-8FDC-42A3-9474-1A3956D46DE8}") = "Accounts", "Accounts", "{5AC95103-B6C5-4811-969C-805613651FD2}"
EndProject
Project("{2150E333-8FDC-42A3-9474-1A3956D46DE8}") = "Orders", "Orders", "{D405FC28-475C-4A1B-9B62-FF1107BCCC78}"
EndProject
Project("{2150E333-8FDC-42A3-9474-1A3956D46DE8}") = "Parking", "Parking", "{56B3E8E5-C0CE-442C-AFC5-2B5B931AAED4}"
EndProject
Project("{9A19103F-16F7-4668-BE54-9A1E7A4F7556}") = "FreeParkingSystem.Orders.API", "src\Orders\FreeParkingSystem.Orders.API\FreeParkingSystem.Orders.API.csproj", "{4B83DC1E-A9E1-417F-BA74-D21D0B65B7A6}"
EndProject
Project("{9A19103F-16F7-4668-BE54-9A1E7A4F7556}") = "FreeParkingSystem.Parking.API", "src\Parking\FreeParkingSystem.Parking.API\FreeParkingSystem.Parking.API.csproj", "{345B36F3-DF6A-469C-9CE8-25C7CF6F1D07}"
EndProject
Project("{2150E333-8FDC-42A3-9474-1A3956D46DE8}") = "Database", "Database", "{A72E336D-910C-4337-8E90-D62B4186A314}"
EndProject
Project("{00D1A9C2-B5F0-4AF3-8072-F6C62B433612}") = "FreeParkingSystem.Database", "database\FreeParkingSystem.Database\FreeParkingSystem.Database.sqlproj", "{5690F8DB-7170-446C-9F42-EA4B72D637B8}"
EndProject
Project("{9A19103F-16F7-4668-BE54-9A1E7A4F7556}") = "FreeParkingSystem.Accounts.Contract", "src\Account\FreeParkingSystem.Accounts.Contract\FreeParkingSystem.Accounts.Contract.csproj", "{1423BCBA-CCC1-4544-8DED-F93BE28D657F}"
EndProject
Project("{2150E333-8FDC-42A3-9474-1A3956D46DE8}") = "Common", "Common", "{DD937B37-84CA-41C1-8A1A-FEA16FECAC64}"
EndProject
Project("{9A19103F-16F7-4668-BE54-9A1E7A4F7556}") = "FreeParkingSystem.Common", "src\Common\FreeParkingSystem.Common\FreeParkingSystem.Common.csproj", "{7DDF409B-B28F-4F3E-AD9D-4ADB1D85A8EF}"
EndProject
Project("{2150E333-8FDC-42A3-9474-1A3956D46DE8}") = "Tests", "Tests", "{5B88D3B3-C328-4DCA-B3BD-05A93FB46E26}"
EndProject
Project("{9A19103F-16F7-4668-BE54-9A1E7A4F7556}") = "FreeParkingSystem.Common.Tests", "Tests\FreeParkingSystem.Common.Tests\FreeParkingSystem.Common.Tests.csproj", "{870B14B7-B7E8-4238-9AA0-F78E443474A8}"
EndProject
Project("{9A19103F-16F7-4668-BE54-9A1E7A4F7556}") = "FreeParkingSystem.Testing", "Tests\FreeParkingSystem.Testing\FreeParkingSystem.Testing.csproj", "{A32651C4-29B5-49F0-9C5C-1ADE5CB1F55E}"
EndProject
Project("{9A19103F-16F7-4668-BE54-9A1E7A4F7556}") = "FreeParkingSystem.Accounts", "src\Account\FreeParkingSystem.Accounts\FreeParkingSystem.Accounts.csproj", "{2DB9DCAA-D949-48CD-9BFB-A0FEB9DE1834}"
EndProject
Project("{9A19103F-16F7-4668-BE54-9A1E7A4F7556}") = "FreeParkingSystem.Accounts.Tests", "Tests\FreeParkingSystem.Accounts.Tests\FreeParkingSystem.Accounts.Tests.csproj", "{928F5314-059B-4788-BD90-FA9F3447619C}"
EndProject
Project("{9A19103F-16F7-4668-BE54-9A1E7A4F7556}") = "FreeParkingSystem.Accounts.Data", "src\Account\FreeParkingSystem.Accounts.Data\FreeParkingSystem.Accounts.Data.csproj", "{ABC4C165-112F-47B7-93F8-F2E9CE2409B9}"
EndProject
Project("{9A19103F-16F7-4668-BE54-9A1E7A4F7556}") = "FreeParkingSystem.Common.Data", "src\Common\FreeParkingSystem.Common.Data\FreeParkingSystem.Common.Data.csproj", "{9E296FA2-CD17-4A74-9DA4-C23BD5B8CB91}"
EndProject
Project("{9A19103F-16F7-4668-BE54-9A1E7A4F7556}") = "FreeParkingSystem.Common.Data.Tests", "Tests\FreeParkingSystem.Common.Data.Tests\FreeParkingSystem.Common.Data.Tests.csproj", "{0374DF97-B1AB-4A1C-BAEC-C8849E6FD2F7}"
EndProject
Project("{9A19103F-16F7-4668-BE54-9A1E7A4F7556}") = "FreeParkingSystem.Common.API", "src\Common\FreeParkingSystem.Common.API\FreeParkingSystem.Common.API.csproj", "{1EB0BB89-46D1-410B-8B0D-90B2F0C9EE8B}"
EndProject
Project("{2150E333-8FDC-42A3-9474-1A3956D46DE8}") = "Tools", "Tools", "{165F1D1B-14E3-47AB-AAF4-B2F08CDB365F}"
	ProjectSection(SolutionItems) = preProject
		tools\Build-Dockerfiles.ps1 = tools\Build-Dockerfiles.ps1
		tools\coverage.ps1 = tools\coverage.ps1
		tools\install-tools.ps1 = tools\install-tools.ps1
		tools\Run-Docker-Service.ps1 = tools\Run-Docker-Service.ps1
		tools\Setup-dev-certificates.ps1 = tools\Setup-dev-certificates.ps1
		tools\SetupEnvironmentVariables.ps1 = tools\SetupEnvironmentVariables.ps1
	EndProjectSection
EndProject
Project("{9A19103F-16F7-4668-BE54-9A1E7A4F7556}") = "FreeParkingSystem.Common.Client", "src\Common\FreeParkingSystem.Common.Client\FreeParkingSystem.Common.Client.csproj", "{A0462788-B877-420A-A9BC-743C98035366}"
EndProject
Project("{9A19103F-16F7-4668-BE54-9A1E7A4F7556}") = "FreeParkingSystem.Common.Client.Tests", "Tests\FreeParkingSystem.Common.Client.Tests\FreeParkingSystem.Common.Client.Tests.csproj", "{65E2A99E-EF0D-475E-9AB6-328A700394BB}"
EndProject
Project("{9A19103F-16F7-4668-BE54-9A1E7A4F7556}") = "FreeParkingSystem.Orders.Contract", "src\Orders\FreeParkingSystem.Orders.Contract\FreeParkingSystem.Orders.Contract.csproj", "{1F9C5833-78C2-4A99-A3C4-260CAB7D9929}"
EndProject
Project("{9A19103F-16F7-4668-BE54-9A1E7A4F7556}") = "FreeParkingSystem.Orders.Data", "src\Orders\FreeParkingSystem.Orders.Data\FreeParkingSystem.Orders.Data.csproj", "{F430C77E-362B-4040-9457-52EA477EBEB6}"
EndProject
Project("{9A19103F-16F7-4668-BE54-9A1E7A4F7556}") = "FreeParkingSystem.Orders", "src\Orders\FreeParkingSystem.Orders\FreeParkingSystem.Orders.csproj", "{AC7DAAC0-2D68-448B-888D-2625714080AB}"
EndProject
Project("{9A19103F-16F7-4668-BE54-9A1E7A4F7556}") = "FreeParkingSystem.Parking.Contract", "src\Parking\FreeParkingSystem.Parking.Contract\FreeParkingSystem.Parking.Contract.csproj", "{AB11F94D-6F83-4D2D-835C-B2F977434A54}"
EndProject
Project("{9A19103F-16F7-4668-BE54-9A1E7A4F7556}") = "FreeParkingSystem.Parking.Data", "src\Parking\FreeParkingSystem.Parking.Data\FreeParkingSystem.Parking.Data.csproj", "{0019571C-B1B6-40EC-A8E0-E9B7C9C62B14}"
EndProject
Project("{9A19103F-16F7-4668-BE54-9A1E7A4F7556}") = "FreeParkingSystem.Parking", "src\Parking\FreeParkingSystem.Parking\FreeParkingSystem.Parking.csproj", "{F5B4D665-97F5-4322-8F7A-D7DC8B485453}"
EndProject
Global
	GlobalSection(SolutionConfigurationPlatforms) = preSolution
		Debug|Any CPU = Debug|Any CPU
		Release|Any CPU = Release|Any CPU
	EndGlobalSection
	GlobalSection(ProjectConfigurationPlatforms) = postSolution
		{D4400DCC-F17E-4163-8B79-6F420D9CE6C2}.Debug|Any CPU.ActiveCfg = Debug|Any CPU
		{D4400DCC-F17E-4163-8B79-6F420D9CE6C2}.Debug|Any CPU.Build.0 = Debug|Any CPU
		{D4400DCC-F17E-4163-8B79-6F420D9CE6C2}.Release|Any CPU.ActiveCfg = Release|Any CPU
		{D4400DCC-F17E-4163-8B79-6F420D9CE6C2}.Release|Any CPU.Build.0 = Release|Any CPU
		{4B83DC1E-A9E1-417F-BA74-D21D0B65B7A6}.Debug|Any CPU.ActiveCfg = Debug|Any CPU
		{4B83DC1E-A9E1-417F-BA74-D21D0B65B7A6}.Debug|Any CPU.Build.0 = Debug|Any CPU
		{4B83DC1E-A9E1-417F-BA74-D21D0B65B7A6}.Release|Any CPU.ActiveCfg = Release|Any CPU
		{4B83DC1E-A9E1-417F-BA74-D21D0B65B7A6}.Release|Any CPU.Build.0 = Release|Any CPU
		{345B36F3-DF6A-469C-9CE8-25C7CF6F1D07}.Debug|Any CPU.ActiveCfg = Debug|Any CPU
		{345B36F3-DF6A-469C-9CE8-25C7CF6F1D07}.Debug|Any CPU.Build.0 = Debug|Any CPU
		{345B36F3-DF6A-469C-9CE8-25C7CF6F1D07}.Release|Any CPU.ActiveCfg = Release|Any CPU
		{345B36F3-DF6A-469C-9CE8-25C7CF6F1D07}.Release|Any CPU.Build.0 = Release|Any CPU
		{5690F8DB-7170-446C-9F42-EA4B72D637B8}.Debug|Any CPU.ActiveCfg = Debug|Any CPU
		{5690F8DB-7170-446C-9F42-EA4B72D637B8}.Debug|Any CPU.Build.0 = Debug|Any CPU
		{5690F8DB-7170-446C-9F42-EA4B72D637B8}.Debug|Any CPU.Deploy.0 = Debug|Any CPU
		{5690F8DB-7170-446C-9F42-EA4B72D637B8}.Release|Any CPU.ActiveCfg = Release|Any CPU
		{5690F8DB-7170-446C-9F42-EA4B72D637B8}.Release|Any CPU.Build.0 = Release|Any CPU
		{5690F8DB-7170-446C-9F42-EA4B72D637B8}.Release|Any CPU.Deploy.0 = Release|Any CPU
		{1423BCBA-CCC1-4544-8DED-F93BE28D657F}.Debug|Any CPU.ActiveCfg = Debug|Any CPU
		{1423BCBA-CCC1-4544-8DED-F93BE28D657F}.Debug|Any CPU.Build.0 = Debug|Any CPU
		{1423BCBA-CCC1-4544-8DED-F93BE28D657F}.Release|Any CPU.ActiveCfg = Release|Any CPU
		{1423BCBA-CCC1-4544-8DED-F93BE28D657F}.Release|Any CPU.Build.0 = Release|Any CPU
		{7DDF409B-B28F-4F3E-AD9D-4ADB1D85A8EF}.Debug|Any CPU.ActiveCfg = Debug|Any CPU
		{7DDF409B-B28F-4F3E-AD9D-4ADB1D85A8EF}.Debug|Any CPU.Build.0 = Debug|Any CPU
		{7DDF409B-B28F-4F3E-AD9D-4ADB1D85A8EF}.Release|Any CPU.ActiveCfg = Release|Any CPU
		{7DDF409B-B28F-4F3E-AD9D-4ADB1D85A8EF}.Release|Any CPU.Build.0 = Release|Any CPU
		{870B14B7-B7E8-4238-9AA0-F78E443474A8}.Debug|Any CPU.ActiveCfg = Debug|Any CPU
		{870B14B7-B7E8-4238-9AA0-F78E443474A8}.Debug|Any CPU.Build.0 = Debug|Any CPU
		{870B14B7-B7E8-4238-9AA0-F78E443474A8}.Release|Any CPU.ActiveCfg = Release|Any CPU
		{870B14B7-B7E8-4238-9AA0-F78E443474A8}.Release|Any CPU.Build.0 = Release|Any CPU
		{A32651C4-29B5-49F0-9C5C-1ADE5CB1F55E}.Debug|Any CPU.ActiveCfg = Debug|Any CPU
		{A32651C4-29B5-49F0-9C5C-1ADE5CB1F55E}.Debug|Any CPU.Build.0 = Debug|Any CPU
		{A32651C4-29B5-49F0-9C5C-1ADE5CB1F55E}.Release|Any CPU.ActiveCfg = Release|Any CPU
		{A32651C4-29B5-49F0-9C5C-1ADE5CB1F55E}.Release|Any CPU.Build.0 = Release|Any CPU
		{2DB9DCAA-D949-48CD-9BFB-A0FEB9DE1834}.Debug|Any CPU.ActiveCfg = Debug|Any CPU
		{2DB9DCAA-D949-48CD-9BFB-A0FEB9DE1834}.Debug|Any CPU.Build.0 = Debug|Any CPU
		{2DB9DCAA-D949-48CD-9BFB-A0FEB9DE1834}.Release|Any CPU.ActiveCfg = Release|Any CPU
		{2DB9DCAA-D949-48CD-9BFB-A0FEB9DE1834}.Release|Any CPU.Build.0 = Release|Any CPU
		{928F5314-059B-4788-BD90-FA9F3447619C}.Debug|Any CPU.ActiveCfg = Debug|Any CPU
		{928F5314-059B-4788-BD90-FA9F3447619C}.Debug|Any CPU.Build.0 = Debug|Any CPU
		{928F5314-059B-4788-BD90-FA9F3447619C}.Release|Any CPU.ActiveCfg = Release|Any CPU
		{928F5314-059B-4788-BD90-FA9F3447619C}.Release|Any CPU.Build.0 = Release|Any CPU
		{ABC4C165-112F-47B7-93F8-F2E9CE2409B9}.Debug|Any CPU.ActiveCfg = Debug|Any CPU
		{ABC4C165-112F-47B7-93F8-F2E9CE2409B9}.Debug|Any CPU.Build.0 = Debug|Any CPU
		{ABC4C165-112F-47B7-93F8-F2E9CE2409B9}.Release|Any CPU.ActiveCfg = Release|Any CPU
		{ABC4C165-112F-47B7-93F8-F2E9CE2409B9}.Release|Any CPU.Build.0 = Release|Any CPU
		{9E296FA2-CD17-4A74-9DA4-C23BD5B8CB91}.Debug|Any CPU.ActiveCfg = Debug|Any CPU
		{9E296FA2-CD17-4A74-9DA4-C23BD5B8CB91}.Debug|Any CPU.Build.0 = Debug|Any CPU
		{9E296FA2-CD17-4A74-9DA4-C23BD5B8CB91}.Release|Any CPU.ActiveCfg = Release|Any CPU
		{9E296FA2-CD17-4A74-9DA4-C23BD5B8CB91}.Release|Any CPU.Build.0 = Release|Any CPU
		{0374DF97-B1AB-4A1C-BAEC-C8849E6FD2F7}.Debug|Any CPU.ActiveCfg = Debug|Any CPU
		{0374DF97-B1AB-4A1C-BAEC-C8849E6FD2F7}.Debug|Any CPU.Build.0 = Debug|Any CPU
		{0374DF97-B1AB-4A1C-BAEC-C8849E6FD2F7}.Release|Any CPU.ActiveCfg = Release|Any CPU
		{0374DF97-B1AB-4A1C-BAEC-C8849E6FD2F7}.Release|Any CPU.Build.0 = Release|Any CPU
		{1EB0BB89-46D1-410B-8B0D-90B2F0C9EE8B}.Debug|Any CPU.ActiveCfg = Debug|Any CPU
		{1EB0BB89-46D1-410B-8B0D-90B2F0C9EE8B}.Debug|Any CPU.Build.0 = Debug|Any CPU
		{1EB0BB89-46D1-410B-8B0D-90B2F0C9EE8B}.Release|Any CPU.ActiveCfg = Release|Any CPU
		{1EB0BB89-46D1-410B-8B0D-90B2F0C9EE8B}.Release|Any CPU.Build.0 = Release|Any CPU
		{A0462788-B877-420A-A9BC-743C98035366}.Debug|Any CPU.ActiveCfg = Debug|Any CPU
		{A0462788-B877-420A-A9BC-743C98035366}.Debug|Any CPU.Build.0 = Debug|Any CPU
		{A0462788-B877-420A-A9BC-743C98035366}.Release|Any CPU.ActiveCfg = Release|Any CPU
		{A0462788-B877-420A-A9BC-743C98035366}.Release|Any CPU.Build.0 = Release|Any CPU
		{65E2A99E-EF0D-475E-9AB6-328A700394BB}.Debug|Any CPU.ActiveCfg = Debug|Any CPU
		{65E2A99E-EF0D-475E-9AB6-328A700394BB}.Debug|Any CPU.Build.0 = Debug|Any CPU
		{65E2A99E-EF0D-475E-9AB6-328A700394BB}.Release|Any CPU.ActiveCfg = Release|Any CPU
		{65E2A99E-EF0D-475E-9AB6-328A700394BB}.Release|Any CPU.Build.0 = Release|Any CPU
		{1F9C5833-78C2-4A99-A3C4-260CAB7D9929}.Debug|Any CPU.ActiveCfg = Debug|Any CPU
		{1F9C5833-78C2-4A99-A3C4-260CAB7D9929}.Debug|Any CPU.Build.0 = Debug|Any CPU
		{1F9C5833-78C2-4A99-A3C4-260CAB7D9929}.Release|Any CPU.ActiveCfg = Release|Any CPU
		{1F9C5833-78C2-4A99-A3C4-260CAB7D9929}.Release|Any CPU.Build.0 = Release|Any CPU
		{F430C77E-362B-4040-9457-52EA477EBEB6}.Debug|Any CPU.ActiveCfg = Debug|Any CPU
		{F430C77E-362B-4040-9457-52EA477EBEB6}.Debug|Any CPU.Build.0 = Debug|Any CPU
		{F430C77E-362B-4040-9457-52EA477EBEB6}.Release|Any CPU.ActiveCfg = Release|Any CPU
		{F430C77E-362B-4040-9457-52EA477EBEB6}.Release|Any CPU.Build.0 = Release|Any CPU
		{AC7DAAC0-2D68-448B-888D-2625714080AB}.Debug|Any CPU.ActiveCfg = Debug|Any CPU
		{AC7DAAC0-2D68-448B-888D-2625714080AB}.Debug|Any CPU.Build.0 = Debug|Any CPU
		{AC7DAAC0-2D68-448B-888D-2625714080AB}.Release|Any CPU.ActiveCfg = Release|Any CPU
		{AC7DAAC0-2D68-448B-888D-2625714080AB}.Release|Any CPU.Build.0 = Release|Any CPU
		{AB11F94D-6F83-4D2D-835C-B2F977434A54}.Debug|Any CPU.ActiveCfg = Debug|Any CPU
		{AB11F94D-6F83-4D2D-835C-B2F977434A54}.Debug|Any CPU.Build.0 = Debug|Any CPU
		{AB11F94D-6F83-4D2D-835C-B2F977434A54}.Release|Any CPU.ActiveCfg = Release|Any CPU
		{AB11F94D-6F83-4D2D-835C-B2F977434A54}.Release|Any CPU.Build.0 = Release|Any CPU
		{0019571C-B1B6-40EC-A8E0-E9B7C9C62B14}.Debug|Any CPU.ActiveCfg = Debug|Any CPU
		{0019571C-B1B6-40EC-A8E0-E9B7C9C62B14}.Debug|Any CPU.Build.0 = Debug|Any CPU
		{0019571C-B1B6-40EC-A8E0-E9B7C9C62B14}.Release|Any CPU.ActiveCfg = Release|Any CPU
		{0019571C-B1B6-40EC-A8E0-E9B7C9C62B14}.Release|Any CPU.Build.0 = Release|Any CPU
		{F5B4D665-97F5-4322-8F7A-D7DC8B485453}.Debug|Any CPU.ActiveCfg = Debug|Any CPU
		{F5B4D665-97F5-4322-8F7A-D7DC8B485453}.Debug|Any CPU.Build.0 = Debug|Any CPU
		{F5B4D665-97F5-4322-8F7A-D7DC8B485453}.Release|Any CPU.ActiveCfg = Release|Any CPU
		{F5B4D665-97F5-4322-8F7A-D7DC8B485453}.Release|Any CPU.Build.0 = Release|Any CPU
	EndGlobalSection
	GlobalSection(SolutionProperties) = preSolution
		HideSolutionNode = FALSE
	EndGlobalSection
	GlobalSection(NestedProjects) = preSolution
		{D4400DCC-F17E-4163-8B79-6F420D9CE6C2} = {5AC95103-B6C5-4811-969C-805613651FD2}
		{4B83DC1E-A9E1-417F-BA74-D21D0B65B7A6} = {D405FC28-475C-4A1B-9B62-FF1107BCCC78}
		{345B36F3-DF6A-469C-9CE8-25C7CF6F1D07} = {56B3E8E5-C0CE-442C-AFC5-2B5B931AAED4}
		{5690F8DB-7170-446C-9F42-EA4B72D637B8} = {A72E336D-910C-4337-8E90-D62B4186A314}
		{1423BCBA-CCC1-4544-8DED-F93BE28D657F} = {5AC95103-B6C5-4811-969C-805613651FD2}
		{7DDF409B-B28F-4F3E-AD9D-4ADB1D85A8EF} = {DD937B37-84CA-41C1-8A1A-FEA16FECAC64}
		{870B14B7-B7E8-4238-9AA0-F78E443474A8} = {5B88D3B3-C328-4DCA-B3BD-05A93FB46E26}
		{A32651C4-29B5-49F0-9C5C-1ADE5CB1F55E} = {5B88D3B3-C328-4DCA-B3BD-05A93FB46E26}
		{2DB9DCAA-D949-48CD-9BFB-A0FEB9DE1834} = {5AC95103-B6C5-4811-969C-805613651FD2}
		{928F5314-059B-4788-BD90-FA9F3447619C} = {5B88D3B3-C328-4DCA-B3BD-05A93FB46E26}
		{ABC4C165-112F-47B7-93F8-F2E9CE2409B9} = {5AC95103-B6C5-4811-969C-805613651FD2}
		{9E296FA2-CD17-4A74-9DA4-C23BD5B8CB91} = {DD937B37-84CA-41C1-8A1A-FEA16FECAC64}
		{0374DF97-B1AB-4A1C-BAEC-C8849E6FD2F7} = {5B88D3B3-C328-4DCA-B3BD-05A93FB46E26}
		{1EB0BB89-46D1-410B-8B0D-90B2F0C9EE8B} = {DD937B37-84CA-41C1-8A1A-FEA16FECAC64}
		{A0462788-B877-420A-A9BC-743C98035366} = {DD937B37-84CA-41C1-8A1A-FEA16FECAC64}
		{65E2A99E-EF0D-475E-9AB6-328A700394BB} = {5B88D3B3-C328-4DCA-B3BD-05A93FB46E26}
		{1F9C5833-78C2-4A99-A3C4-260CAB7D9929} = {D405FC28-475C-4A1B-9B62-FF1107BCCC78}
		{F430C77E-362B-4040-9457-52EA477EBEB6} = {D405FC28-475C-4A1B-9B62-FF1107BCCC78}
		{AC7DAAC0-2D68-448B-888D-2625714080AB} = {D405FC28-475C-4A1B-9B62-FF1107BCCC78}
		{AB11F94D-6F83-4D2D-835C-B2F977434A54} = {56B3E8E5-C0CE-442C-AFC5-2B5B931AAED4}
		{0019571C-B1B6-40EC-A8E0-E9B7C9C62B14} = {56B3E8E5-C0CE-442C-AFC5-2B5B931AAED4}
		{F5B4D665-97F5-4322-8F7A-D7DC8B485453} = {56B3E8E5-C0CE-442C-AFC5-2B5B931AAED4}
	EndGlobalSection
	GlobalSection(ExtensibilityGlobals) = postSolution
		SolutionGuid = {E369FE5C-9E24-44D2-B526-3931FD54BEC4}
	EndGlobalSection
EndGlobal
